// !$*UTF8*$!
{
	archiveVersion = 1;
	classes = {
	};
	objectVersion = 56;
	objects = {

/* Begin PBXBuildFile section */
		855481B9296C23DA00D03E79 /* TrimensionApp.swift in Sources */ = {isa = PBXBuildFile; fileRef = 855481B8296C23DA00D03E79 /* TrimensionApp.swift */; };
		855481BB296C23DA00D03E79 /* ContentView.swift in Sources */ = {isa = PBXBuildFile; fileRef = 855481BA296C23DA00D03E79 /* ContentView.swift */; };
		855481BD296C23DC00D03E79 /* Assets.xcassets in Resources */ = {isa = PBXBuildFile; fileRef = 855481BC296C23DC00D03E79 /* Assets.xcassets */; };
		855481C0296C23DC00D03E79 /* Preview Assets.xcassets in Resources */ = {isa = PBXBuildFile; fileRef = 855481BF296C23DC00D03E79 /* Preview Assets.xcassets */; };
		855481CB296C23DC00D03E79 /* TrimensionTests.swift in Sources */ = {isa = PBXBuildFile; fileRef = 855481CA296C23DC00D03E79 /* TrimensionTests.swift */; };
		855481D5296C23DC00D03E79 /* TrimensionUITests.swift in Sources */ = {isa = PBXBuildFile; fileRef = 855481D4296C23DC00D03E79 /* TrimensionUITests.swift */; };
		855481D7296C23DC00D03E79 /* TrimensionUITestsLaunchTests.swift in Sources */ = {isa = PBXBuildFile; fileRef = 855481D6296C23DC00D03E79 /* TrimensionUITestsLaunchTests.swift */; };
/* End PBXBuildFile section */

/* Begin PBXContainerItemProxy section */
		855481C7296C23DC00D03E79 /* PBXContainerItemProxy */ = {
			isa = PBXContainerItemProxy;
			containerPortal = 855481AD296C23DA00D03E79 /* Project object */;
			proxyType = 1;
			remoteGlobalIDString = 855481B4296C23DA00D03E79;
			remoteInfo = Trimension;
		};
		855481D1296C23DC00D03E79 /* PBXContainerItemProxy */ = {
			isa = PBXContainerItemProxy;
			containerPortal = 855481AD296C23DA00D03E79 /* Project object */;
			proxyType = 1;
			remoteGlobalIDString = 855481B4296C23DA00D03E79;
			remoteInfo = Trimension;
		};
/* End PBXContainerItemProxy section */

/* Begin PBXFileReference section */
		855481B5296C23DA00D03E79 /* Trimension.app */ = {isa = PBXFileReference; explicitFileType = wrapper.application; includeInIndex = 0; path = Trimension.app; sourceTree = BUILT_PRODUCTS_DIR; };
		855481B8296C23DA00D03E79 /* TrimensionApp.swift */ = {isa = PBXFileReference; lastKnownFileType = sourcecode.swift; path = TrimensionApp.swift; sourceTree = "<group>"; };
		855481BA296C23DA00D03E79 /* ContentView.swift */ = {isa = PBXFileReference; lastKnownFileType = sourcecode.swift; path = ContentView.swift; sourceTree = "<group>"; };
		855481BC296C23DC00D03E79 /* Assets.xcassets */ = {isa = PBXFileReference; lastKnownFileType = folder.assetcatalog; path = Assets.xcassets; sourceTree = "<group>"; };
		855481BF296C23DC00D03E79 /* Preview Assets.xcassets */ = {isa = PBXFileReference; lastKnownFileType = folder.assetcatalog; path = "Preview Assets.xcassets"; sourceTree = "<group>"; };
		855481C1296C23DC00D03E79 /* Trimension.entitlements */ = {isa = PBXFileReference; lastKnownFileType = text.plist.entitlements; path = Trimension.entitlements; sourceTree = "<group>"; };
		855481C6296C23DC00D03E79 /* TrimensionTests.xctest */ = {isa = PBXFileReference; explicitFileType = wrapper.cfbundle; includeInIndex = 0; path = TrimensionTests.xctest; sourceTree = BUILT_PRODUCTS_DIR; };
		855481CA296C23DC00D03E79 /* TrimensionTests.swift */ = {isa = PBXFileReference; lastKnownFileType = sourcecode.swift; path = TrimensionTests.swift; sourceTree = "<group>"; };
		855481D0296C23DC00D03E79 /* TrimensionUITests.xctest */ = {isa = PBXFileReference; explicitFileType = wrapper.cfbundle; includeInIndex = 0; path = TrimensionUITests.xctest; sourceTree = BUILT_PRODUCTS_DIR; };
		855481D4296C23DC00D03E79 /* TrimensionUITests.swift */ = {isa = PBXFileReference; lastKnownFileType = sourcecode.swift; path = TrimensionUITests.swift; sourceTree = "<group>"; };
		855481D6296C23DC00D03E79 /* TrimensionUITestsLaunchTests.swift */ = {isa = PBXFileReference; lastKnownFileType = sourcecode.swift; path = TrimensionUITestsLaunchTests.swift; sourceTree = "<group>"; };
/* End PBXFileReference section */

/* Begin PBXFrameworksBuildPhase section */
		855481B2296C23DA00D03E79 /* Frameworks */ = {
			isa = PBXFrameworksBuildPhase;
			buildActionMask = 2147483647;
			files = (
			);
			runOnlyForDeploymentPostprocessing = 0;
		};
		855481C3296C23DC00D03E79 /* Frameworks */ = {
			isa = PBXFrameworksBuildPhase;
			buildActionMask = 2147483647;
			files = (
			);
			runOnlyForDeploymentPostprocessing = 0;
		};
		855481CD296C23DC00D03E79 /* Frameworks */ = {
			isa = PBXFrameworksBuildPhase;
			buildActionMask = 2147483647;
			files = (
			);
			runOnlyForDeploymentPostprocessing = 0;
		};
/* End PBXFrameworksBuildPhase section */

/* Begin PBXGroup section */
		855481AC296C23DA00D03E79 = {
			isa = PBXGroup;
			children = (
				855481B7296C23DA00D03E79 /* Trimension */,
				855481C9296C23DC00D03E79 /* TrimensionTests */,
				855481D3296C23DC00D03E79 /* TrimensionUITests */,
				855481B6296C23DA00D03E79 /* Products */,
			);
			sourceTree = "<group>";
		};
		855481B6296C23DA00D03E79 /* Products */ = {
			isa = PBXGroup;
			children = (
				855481B5296C23DA00D03E79 /* Trimension.app */,
				855481C6296C23DC00D03E79 /* TrimensionTests.xctest */,
				855481D0296C23DC00D03E79 /* TrimensionUITests.xctest */,
			);
			name = Products;
			sourceTree = "<group>";
		};
		855481B7296C23DA00D03E79 /* Trimension */ = {
			isa = PBXGroup;
			children = (
				855481B8296C23DA00D03E79 /* TrimensionApp.swift */,
				855481BA296C23DA00D03E79 /* ContentView.swift */,
				855481BC296C23DC00D03E79 /* Assets.xcassets */,
				855481C1296C23DC00D03E79 /* Trimension.entitlements */,
				855481BE296C23DC00D03E79 /* Preview Content */,
			);
			path = Trimension;
			sourceTree = "<group>";
		};
		855481BE296C23DC00D03E79 /* Preview Content */ = {
			isa = PBXGroup;
			children = (
				855481BF296C23DC00D03E79 /* Preview Assets.xcassets */,
			);
			path = "Preview Content";
			sourceTree = "<group>";
		};
		855481C9296C23DC00D03E79 /* TrimensionTests */ = {
			isa = PBXGroup;
			children = (
				855481CA296C23DC00D03E79 /* TrimensionTests.swift */,
			);
			path = TrimensionTests;
			sourceTree = "<group>";
		};
		855481D3296C23DC00D03E79 /* TrimensionUITests */ = {
			isa = PBXGroup;
			children = (
				855481D4296C23DC00D03E79 /* TrimensionUITests.swift */,
				855481D6296C23DC00D03E79 /* TrimensionUITestsLaunchTests.swift */,
			);
			path = TrimensionUITests;
			sourceTree = "<group>";
		};
/* End PBXGroup section */

/* Begin PBXNativeTarget section */
		855481B4296C23DA00D03E79 /* Trimension */ = {
			isa = PBXNativeTarget;
			buildConfigurationList = 855481DA296C23DC00D03E79 /* Build configuration list for PBXNativeTarget "Trimension" */;
			buildPhases = (
				855481B1296C23DA00D03E79 /* Sources */,
				855481B2296C23DA00D03E79 /* Frameworks */,
				855481B3296C23DA00D03E79 /* Resources */,
			);
			buildRules = (
			);
			dependencies = (
			);
			name = Trimension;
			productName = Trimension;
			productReference = 855481B5296C23DA00D03E79 /* Trimension.app */;
			productType = "com.apple.product-type.application";
		};
		855481C5296C23DC00D03E79 /* TrimensionTests */ = {
			isa = PBXNativeTarget;
			buildConfigurationList = 855481DD296C23DC00D03E79 /* Build configuration list for PBXNativeTarget "TrimensionTests" */;
			buildPhases = (
				855481C2296C23DC00D03E79 /* Sources */,
				855481C3296C23DC00D03E79 /* Frameworks */,
				855481C4296C23DC00D03E79 /* Resources */,
			);
			buildRules = (
			);
			dependencies = (
				855481C8296C23DC00D03E79 /* PBXTargetDependency */,
			);
			name = TrimensionTests;
			productName = TrimensionTests;
			productReference = 855481C6296C23DC00D03E79 /* TrimensionTests.xctest */;
			productType = "com.apple.product-type.bundle.unit-test";
		};
		855481CF296C23DC00D03E79 /* TrimensionUITests */ = {
			isa = PBXNativeTarget;
			buildConfigurationList = 855481E0296C23DC00D03E79 /* Build configuration list for PBXNativeTarget "TrimensionUITests" */;
			buildPhases = (
				855481CC296C23DC00D03E79 /* Sources */,
				855481CD296C23DC00D03E79 /* Frameworks */,
				855481CE296C23DC00D03E79 /* Resources */,
			);
			buildRules = (
			);
			dependencies = (
				855481D2296C23DC00D03E79 /* PBXTargetDependency */,
			);
			name = TrimensionUITests;
			productName = TrimensionUITests;
			productReference = 855481D0296C23DC00D03E79 /* TrimensionUITests.xctest */;
			productType = "com.apple.product-type.bundle.ui-testing";
		};
/* End PBXNativeTarget section */

/* Begin PBXProject section */
		855481AD296C23DA00D03E79 /* Project object */ = {
			isa = PBXProject;
			attributes = {
				BuildIndependentTargetsInParallel = 1;
				LastSwiftUpdateCheck = 1420;
				LastUpgradeCheck = 1420;
				TargetAttributes = {
					855481B4296C23DA00D03E79 = {
						CreatedOnToolsVersion = 14.2;
					};
					855481C5296C23DC00D03E79 = {
						CreatedOnToolsVersion = 14.2;
						TestTargetID = 855481B4296C23DA00D03E79;
					};
					855481CF296C23DC00D03E79 = {
						CreatedOnToolsVersion = 14.2;
						TestTargetID = 855481B4296C23DA00D03E79;
					};
				};
			};
			buildConfigurationList = 855481B0296C23DA00D03E79 /* Build configuration list for PBXProject "Trimension" */;
			compatibilityVersion = "Xcode 14.0";
			developmentRegion = en;
			hasScannedForEncodings = 0;
			knownRegions = (
				en,
				Base,
			);
			mainGroup = 855481AC296C23DA00D03E79;
			productRefGroup = 855481B6296C23DA00D03E79 /* Products */;
			projectDirPath = "";
			projectRoot = "";
			targets = (
				855481B4296C23DA00D03E79 /* Trimension */,
				855481C5296C23DC00D03E79 /* TrimensionTests */,
				855481CF296C23DC00D03E79 /* TrimensionUITests */,
			);
		};
/* End PBXProject section */

/* Begin PBXResourcesBuildPhase section */
		855481B3296C23DA00D03E79 /* Resources */ = {
			isa = PBXResourcesBuildPhase;
			buildActionMask = 2147483647;
			files = (
				855481C0296C23DC00D03E79 /* Preview Assets.xcassets in Resources */,
				855481BD296C23DC00D03E79 /* Assets.xcassets in Resources */,
			);
			runOnlyForDeploymentPostprocessing = 0;
		};
		855481C4296C23DC00D03E79 /* Resources */ = {
			isa = PBXResourcesBuildPhase;
			buildActionMask = 2147483647;
			files = (
			);
			runOnlyForDeploymentPostprocessing = 0;
		};
		855481CE296C23DC00D03E79 /* Resources */ = {
			isa = PBXResourcesBuildPhase;
			buildActionMask = 2147483647;
			files = (
			);
			runOnlyForDeploymentPostprocessing = 0;
		};
/* End PBXResourcesBuildPhase section */

/* Begin PBXSourcesBuildPhase section */
		855481B1296C23DA00D03E79 /* Sources */ = {
			isa = PBXSourcesBuildPhase;
			buildActionMask = 2147483647;
			files = (
				855481BB296C23DA00D03E79 /* ContentView.swift in Sources */,
				855481B9296C23DA00D03E79 /* TrimensionApp.swift in Sources */,
			);
			runOnlyForDeploymentPostprocessing = 0;
		};
		855481C2296C23DC00D03E79 /* Sources */ = {
			isa = PBXSourcesBuildPhase;
			buildActionMask = 2147483647;
			files = (
				855481CB296C23DC00D03E79 /* TrimensionTests.swift in Sources */,
			);
			runOnlyForDeploymentPostprocessing = 0;
		};
		855481CC296C23DC00D03E79 /* Sources */ = {
			isa = PBXSourcesBuildPhase;
			buildActionMask = 2147483647;
			files = (
				855481D7296C23DC00D03E79 /* TrimensionUITestsLaunchTests.swift in Sources */,
				855481D5296C23DC00D03E79 /* TrimensionUITests.swift in Sources */,
			);
			runOnlyForDeploymentPostprocessing = 0;
		};
/* End PBXSourcesBuildPhase section */

/* Begin PBXTargetDependency section */
		855481C8296C23DC00D03E79 /* PBXTargetDependency */ = {
			isa = PBXTargetDependency;
			target = 855481B4296C23DA00D03E79 /* Trimension */;
			targetProxy = 855481C7296C23DC00D03E79 /* PBXContainerItemProxy */;
		};
		855481D2296C23DC00D03E79 /* PBXTargetDependency */ = {
			isa = PBXTargetDependency;
			target = 855481B4296C23DA00D03E79 /* Trimension */;
			targetProxy = 855481D1296C23DC00D03E79 /* PBXContainerItemProxy */;
		};
/* End PBXTargetDependency section */

/* Begin XCBuildConfiguration section */
		855481D8296C23DC00D03E79 /* Debug */ = {
			isa = XCBuildConfiguration;
			buildSettings = {
				ALWAYS_SEARCH_USER_PATHS = NO;
				CLANG_ANALYZER_NONNULL = YES;
				CLANG_ANALYZER_NUMBER_OBJECT_CONVERSION = YES_AGGRESSIVE;
				CLANG_CXX_LANGUAGE_STANDARD = "gnu++20";
				CLANG_ENABLE_MODULES = YES;
				CLANG_ENABLE_OBJC_ARC = YES;
				CLANG_ENABLE_OBJC_WEAK = YES;
				CLANG_WARN_BLOCK_CAPTURE_AUTORELEASING = YES;
				CLANG_WARN_BOOL_CONVERSION = YES;
				CLANG_WARN_COMMA = YES;
				CLANG_WARN_CONSTANT_CONVERSION = YES;
				CLANG_WARN_DEPRECATED_OBJC_IMPLEMENTATIONS = YES;
				CLANG_WARN_DIRECT_OBJC_ISA_USAGE = YES_ERROR;
				CLANG_WARN_DOCUMENTATION_COMMENTS = YES;
				CLANG_WARN_EMPTY_BODY = YES;
				CLANG_WARN_ENUM_CONVERSION = YES;
				CLANG_WARN_INFINITE_RECURSION = YES;
				CLANG_WARN_INT_CONVERSION = YES;
				CLANG_WARN_NON_LITERAL_NULL_CONVERSION = YES;
				CLANG_WARN_OBJC_IMPLICIT_RETAIN_SELF = YES;
				CLANG_WARN_OBJC_LITERAL_CONVERSION = YES;
				CLANG_WARN_OBJC_ROOT_CLASS = YES_ERROR;
				CLANG_WARN_QUOTED_INCLUDE_IN_FRAMEWORK_HEADER = YES;
				CLANG_WARN_RANGE_LOOP_ANALYSIS = YES;
				CLANG_WARN_STRICT_PROTOTYPES = YES;
				CLANG_WARN_SUSPICIOUS_MOVE = YES;
				CLANG_WARN_UNGUARDED_AVAILABILITY = YES_AGGRESSIVE;
				CLANG_WARN_UNREACHABLE_CODE = YES;
				CLANG_WARN__DUPLICATE_METHOD_MATCH = YES;
				COPY_PHASE_STRIP = NO;
				DEBUG_INFORMATION_FORMAT = dwarf;
				ENABLE_STRICT_OBJC_MSGSEND = YES;
				ENABLE_TESTABILITY = YES;
				GCC_C_LANGUAGE_STANDARD = gnu11;
				GCC_DYNAMIC_NO_PIC = NO;
				GCC_NO_COMMON_BLOCKS = YES;
				GCC_OPTIMIZATION_LEVEL = 0;
				GCC_PREPROCESSOR_DEFINITIONS = (
					"DEBUG=1",
					"$(inherited)",
				);
				GCC_WARN_64_TO_32_BIT_CONVERSION = YES;
				GCC_WARN_ABOUT_RETURN_TYPE = YES_ERROR;
				GCC_WARN_UNDECLARED_SELECTOR = YES;
				GCC_WARN_UNINITIALIZED_AUTOS = YES_AGGRESSIVE;
				GCC_WARN_UNUSED_FUNCTION = YES;
				GCC_WARN_UNUSED_VARIABLE = YES;
				MACOSX_DEPLOYMENT_TARGET = 13.1;
				MTL_ENABLE_DEBUG_INFO = INCLUDE_SOURCE;
				MTL_FAST_MATH = YES;
				ONLY_ACTIVE_ARCH = YES;
				SDKROOT = macosx;
				SWIFT_ACTIVE_COMPILATION_CONDITIONS = DEBUG;
				SWIFT_OPTIMIZATION_LEVEL = "-Onone";
			};
			name = Debug;
		};
		855481D9296C23DC00D03E79 /* Release */ = {
			isa = XCBuildConfiguration;
			buildSettings = {
				ALWAYS_SEARCH_USER_PATHS = NO;
				CLANG_ANALYZER_NONNULL = YES;
				CLANG_ANALYZER_NUMBER_OBJECT_CONVERSION = YES_AGGRESSIVE;
				CLANG_CXX_LANGUAGE_STANDARD = "gnu++20";
				CLANG_ENABLE_MODULES = YES;
				CLANG_ENABLE_OBJC_ARC = YES;
				CLANG_ENABLE_OBJC_WEAK = YES;
				CLANG_WARN_BLOCK_CAPTURE_AUTORELEASING = YES;
				CLANG_WARN_BOOL_CONVERSION = YES;
				CLANG_WARN_COMMA = YES;
				CLANG_WARN_CONSTANT_CONVERSION = YES;
				CLANG_WARN_DEPRECATED_OBJC_IMPLEMENTATIONS = YES;
				CLANG_WARN_DIRECT_OBJC_ISA_USAGE = YES_ERROR;
				CLANG_WARN_DOCUMENTATION_COMMENTS = YES;
				CLANG_WARN_EMPTY_BODY = YES;
				CLANG_WARN_ENUM_CONVERSION = YES;
				CLANG_WARN_INFINITE_RECURSION = YES;
				CLANG_WARN_INT_CONVERSION = YES;
				CLANG_WARN_NON_LITERAL_NULL_CONVERSION = YES;
				CLANG_WARN_OBJC_IMPLICIT_RETAIN_SELF = YES;
				CLANG_WARN_OBJC_LITERAL_CONVERSION = YES;
				CLANG_WARN_OBJC_ROOT_CLASS = YES_ERROR;
				CLANG_WARN_QUOTED_INCLUDE_IN_FRAMEWORK_HEADER = YES;
				CLANG_WARN_RANGE_LOOP_ANALYSIS = YES;
				CLANG_WARN_STRICT_PROTOTYPES = YES;
				CLANG_WARN_SUSPICIOUS_MOVE = YES;
				CLANG_WARN_UNGUARDED_AVAILABILITY = YES_AGGRESSIVE;
				CLANG_WARN_UNREACHABLE_CODE = YES;
				CLANG_WARN__DUPLICATE_METHOD_MATCH = YES;
				COPY_PHASE_STRIP = NO;
				DEBUG_INFORMATION_FORMAT = "dwarf-with-dsym";
				ENABLE_NS_ASSERTIONS = NO;
				ENABLE_STRICT_OBJC_MSGSEND = YES;
				GCC_C_LANGUAGE_STANDARD = gnu11;
				GCC_NO_COMMON_BLOCKS = YES;
				GCC_WARN_64_TO_32_BIT_CONVERSION = YES;
				GCC_WARN_ABOUT_RETURN_TYPE = YES_ERROR;
				GCC_WARN_UNDECLARED_SELECTOR = YES;
				GCC_WARN_UNINITIALIZED_AUTOS = YES_AGGRESSIVE;
				GCC_WARN_UNUSED_FUNCTION = YES;
				GCC_WARN_UNUSED_VARIABLE = YES;
				MACOSX_DEPLOYMENT_TARGET = 13.1;
				MTL_ENABLE_DEBUG_INFO = NO;
				MTL_FAST_MATH = YES;
				SDKROOT = macosx;
				SWIFT_COMPILATION_MODE = wholemodule;
				SWIFT_OPTIMIZATION_LEVEL = "-O";
			};
			name = Release;
		};
		855481DB296C23DC00D03E79 /* Debug */ = {
			isa = XCBuildConfiguration;
			buildSettings = {
				ASSETCATALOG_COMPILER_APPICON_NAME = AppIcon;
				ASSETCATALOG_COMPILER_GLOBAL_ACCENT_COLOR_NAME = AccentColor;
				CODE_SIGN_ENTITLEMENTS = Trimension/Trimension.entitlements;
				CODE_SIGN_STYLE = Automatic;
				COMBINE_HIDPI_IMAGES = YES;
				CURRENT_PROJECT_VERSION = 1;
				DEVELOPMENT_ASSET_PATHS = "\"Trimension/Preview Content\"";
				ENABLE_PREVIEWS = YES;
				GENERATE_INFOPLIST_FILE = YES;
				INFOPLIST_KEY_NSHumanReadableCopyright = "";
				LD_RUNPATH_SEARCH_PATHS = (
					"$(inherited)",
					"@executable_path/../Frameworks",
				);
				MARKETING_VERSION = 1.0;
				PRODUCT_BUNDLE_IDENTIFIER = app.trimension.Trimension;
				PRODUCT_NAME = "$(TARGET_NAME)";
				SWIFT_EMIT_LOC_STRINGS = YES;
				SWIFT_VERSION = 5.0;
			};
			name = Debug;
		};
		855481DC296C23DC00D03E79 /* Release */ = {
			isa = XCBuildConfiguration;
			buildSettings = {
				ASSETCATALOG_COMPILER_APPICON_NAME = AppIcon;
				ASSETCATALOG_COMPILER_GLOBAL_ACCENT_COLOR_NAME = AccentColor;
				CODE_SIGN_ENTITLEMENTS = Trimension/Trimension.entitlements;
				CODE_SIGN_STYLE = Automatic;
				COMBINE_HIDPI_IMAGES = YES;
				CURRENT_PROJECT_VERSION = 1;
				DEVELOPMENT_ASSET_PATHS = "\"Trimension/Preview Content\"";
				ENABLE_PREVIEWS = YES;
				GENERATE_INFOPLIST_FILE = YES;
				INFOPLIST_KEY_NSHumanReadableCopyright = "";
				LD_RUNPATH_SEARCH_PATHS = (
					"$(inherited)",
					"@executable_path/../Frameworks",
				);
				MARKETING_VERSION = 1.0;
				PRODUCT_BUNDLE_IDENTIFIER = app.trimension.Trimension;
				PRODUCT_NAME = "$(TARGET_NAME)";
				SWIFT_EMIT_LOC_STRINGS = YES;
				SWIFT_VERSION = 5.0;
			};
			name = Release;
		};
		855481DE296C23DC00D03E79 /* Debug */ = {
			isa = XCBuildConfiguration;
			buildSettings = {
				ALWAYS_EMBED_SWIFT_STANDARD_LIBRARIES = YES;
				BUNDLE_LOADER = "$(TEST_HOST)";
				CODE_SIGN_STYLE = Automatic;
				CURRENT_PROJECT_VERSION = 1;
				GENERATE_INFOPLIST_FILE = YES;
				MACOSX_DEPLOYMENT_TARGET = 13.1;
				MARKETING_VERSION = 1.0;
				PRODUCT_BUNDLE_IDENTIFIER = app.trimension.TrimensionTests;
				PRODUCT_NAME = "$(TARGET_NAME)";
				SWIFT_EMIT_LOC_STRINGS = NO;
				SWIFT_VERSION = 5.0;
				TEST_HOST = "$(BUILT_PRODUCTS_DIR)/Trimension.app/$(BUNDLE_EXECUTABLE_FOLDER_PATH)/Trimension";
			};
			name = Debug;
		};
		855481DF296C23DC00D03E79 /* Release */ = {
			isa = XCBuildConfiguration;
			buildSettings = {
				ALWAYS_EMBED_SWIFT_STANDARD_LIBRARIES = YES;
				BUNDLE_LOADER = "$(TEST_HOST)";
				CODE_SIGN_STYLE = Automatic;
				CURRENT_PROJECT_VERSION = 1;
				GENERATE_INFOPLIST_FILE = YES;
				MACOSX_DEPLOYMENT_TARGET = 13.1;
				MARKETING_VERSION = 1.0;
				PRODUCT_BUNDLE_IDENTIFIER = app.trimension.TrimensionTests;
				PRODUCT_NAME = "$(TARGET_NAME)";
				SWIFT_EMIT_LOC_STRINGS = NO;
				SWIFT_VERSION = 5.0;
				TEST_HOST = "$(BUILT_PRODUCTS_DIR)/Trimension.app/$(BUNDLE_EXECUTABLE_FOLDER_PATH)/Trimension";
			};
			name = Release;
		};
		855481E1296C23DC00D03E79 /* Debug */ = {
			isa = XCBuildConfiguration;
			buildSettings = {
				ALWAYS_EMBED_SWIFT_STANDARD_LIBRARIES = YES;
				CODE_SIGN_STYLE = Automatic;
				CURRENT_PROJECT_VERSION = 1;
				GENERATE_INFOPLIST_FILE = YES;
				MARKETING_VERSION = 1.0;
				PRODUCT_BUNDLE_IDENTIFIER = app.trimension.TrimensionUITests;
				PRODUCT_NAME = "$(TARGET_NAME)";
				SWIFT_EMIT_LOC_STRINGS = NO;
				SWIFT_VERSION = 5.0;
				TEST_TARGET_NAME = Trimension;
			};
			name = Debug;
		};
		855481E2296C23DC00D03E79 /* Release */ = {
			isa = XCBuildConfiguration;
			buildSettings = {
				ALWAYS_EMBED_SWIFT_STANDARD_LIBRARIES = YES;
				CODE_SIGN_STYLE = Automatic;
				CURRENT_PROJECT_VERSION = 1;
				GENERATE_INFOPLIST_FILE = YES;
				MARKETING_VERSION = 1.0;
				PRODUCT_BUNDLE_IDENTIFIER = app.trimension.TrimensionUITests;
				PRODUCT_NAME = "$(TARGET_NAME)";
				SWIFT_EMIT_LOC_STRINGS = NO;
				SWIFT_VERSION = 5.0;
				TEST_TARGET_NAME = Trimension;
			};
			name = Release;
		};
/* End XCBuildConfiguration section */

/* Begin XCConfigurationList section */
		855481B0296C23DA00D03E79 /* Build configuration list for PBXProject "Trimension" */ = {
			isa = XCConfigurationList;
			buildConfigurations = (
				855481D8296C23DC00D03E79 /* Debug */,
				855481D9296C23DC00D03E79 /* Release */,
			);
			defaultConfigurationIsVisible = 0;
			defaultConfigurationName = Release;
		};
		855481DA296C23DC00D03E79 /* Build configuration list for PBXNativeTarget "Trimension" */ = {
			isa = XCConfigurationList;
			buildConfigurations = (
				855481DB296C23DC00D03E79 /* Debug */,
				855481DC296C23DC00D03E79 /* Release */,
			);
			defaultConfigurationIsVisible = 0;
			defaultConfigurationName = Release;
		};
		855481DD296C23DC00D03E79 /* Build configuration list for PBXNativeTarget "TrimensionTests" */ = {
			isa = XCConfigurationList;
			buildConfigurations = (
				855481DE296C23DC00D03E79 /* Debug */,
				855481DF296C23DC00D03E79 /* Release */,
			);
			defaultConfigurationIsVisible = 0;
			defaultConfigurationName = Release;
		};
		855481E0296C23DC00D03E79 /* Build configuration list for PBXNativeTarget "TrimensionUITests" */ = {
			isa = XCConfigurationList;
			buildConfigurations = (
				855481E1296C23DC00D03E79 /* Debug */,
				855481E2296C23DC00D03E79 /* Release */,
			);
			defaultConfigurationIsVisible = 0;
			defaultConfigurationName = Release;
		};
/* End XCConfigurationList section */
	};
	rootObject = 855481AD296C23DA00D03E79 /* Project object */;
}
