// !$*UTF8*$!
{
	archiveVersion = 1;
	classes = {
	};
	objectVersion = 56;
	objects = {

/* Begin PBXBuildFile section */
		851F1C302A9DD3D000F12B61 /* WallpaperListView.swift in Sources */ = {isa = PBXBuildFile; fileRef = 851F1C2F2A9DD3D000F12B61 /* WallpaperListView.swift */; };
		851F1C322A9ED5C300F12B61 /* WallpaperDetailView.swift in Sources */ = {isa = PBXBuildFile; fileRef = 851F1C312A9ED5C300F12B61 /* WallpaperDetailView.swift */; };
		851F1C342AA1412000F12B61 /* LoginView.swift in Sources */ = {isa = PBXBuildFile; fileRef = 851F1C332AA1412000F12B61 /* LoginView.swift */; };
		851F1C352AA2A70B00F12B61 /* Assets.xcassets in Resources */ = {isa = PBXBuildFile; fileRef = 855481BC296C23DC00D03E79 /* Assets.xcassets */; };
		853A67472971F30700B7B5E7 /* NativeWidgetView.swift in Sources */ = {isa = PBXBuildFile; fileRef = 853A67462971F30700B7B5E7 /* NativeWidgetView.swift */; };
		853A674B29729B3F00B7B5E7 /* WidgetWindow.swift in Sources */ = {isa = PBXBuildFile; fileRef = 853A674A29729B3F00B7B5E7 /* WidgetWindow.swift */; };
		85409678296FE3AE00B8BA3F /* WallpaperWindow.swift in Sources */ = {isa = PBXBuildFile; fileRef = 85409677296FE3AE00B8BA3F /* WallpaperWindow.swift */; };
		8540967A296FE76100B8BA3F /* DynamicWallpaperView.swift in Sources */ = {isa = PBXBuildFile; fileRef = 85409679296FE76100B8BA3F /* DynamicWallpaperView.swift */; };
		854CCC592A192BF400B20579 /* WidgetView.swift in Sources */ = {isa = PBXBuildFile; fileRef = 854CCC582A192BF400B20579 /* WidgetView.swift */; };
		854CCC5B2A192CCE00B20579 /* WidgetHTML.html in Resources */ = {isa = PBXBuildFile; fileRef = 854CCC5A2A192CCE00B20579 /* WidgetHTML.html */; };
		854CCC5D2A193F3C00B20579 /* WidgetViewController.swift in Sources */ = {isa = PBXBuildFile; fileRef = 854CCC5C2A193F3C00B20579 /* WidgetViewController.swift */; };
		855481B9296C23DA00D03E79 /* TrimensionApp.swift in Sources */ = {isa = PBXBuildFile; fileRef = 855481B8296C23DA00D03E79 /* TrimensionApp.swift */; };
		855481BB296C23DA00D03E79 /* ContentView.swift in Sources */ = {isa = PBXBuildFile; fileRef = 855481BA296C23DA00D03E79 /* ContentView.swift */; };
		855481C0296C23DC00D03E79 /* Preview Assets.xcassets in Resources */ = {isa = PBXBuildFile; fileRef = 855481BF296C23DC00D03E79 /* Preview Assets.xcassets */; };
		855481CB296C23DC00D03E79 /* TrimensionTests.swift in Sources */ = {isa = PBXBuildFile; fileRef = 855481CA296C23DC00D03E79 /* TrimensionTests.swift */; };
		855481D5296C23DC00D03E79 /* TrimensionUITests.swift in Sources */ = {isa = PBXBuildFile; fileRef = 855481D4296C23DC00D03E79 /* TrimensionUITests.swift */; };
		855481D7296C23DC00D03E79 /* TrimensionUITestsLaunchTests.swift in Sources */ = {isa = PBXBuildFile; fileRef = 855481D6296C23DC00D03E79 /* TrimensionUITestsLaunchTests.swift */; };
		8555A7422976811400195DE6 /* WidgetWindowDelegate.swift in Sources */ = {isa = PBXBuildFile; fileRef = 8555A7412976811400195DE6 /* WidgetWindowDelegate.swift */; };
		856435082AD4DD3E00C83EAE /* UploadView.swift in Sources */ = {isa = PBXBuildFile; fileRef = 856435072AD4DD3E00C83EAE /* UploadView.swift */; };
		856E2E4A2A9C63F90083C589 /* Supabase in Frameworks */ = {isa = PBXBuildFile; productRef = 856E2E492A9C63F90083C589 /* Supabase */; };
		857D16122ACFD68000C423C3 /* WallpaperManager.swift in Sources */ = {isa = PBXBuildFile; fileRef = 857D16112ACFD68000C423C3 /* WallpaperManager.swift */; };
		858BB4E62A2720B7009BEEEA /* AppleMusicWidget.swift in Sources */ = {isa = PBXBuildFile; fileRef = 858BB4E52A2720B7009BEEEA /* AppleMusicWidget.swift */; };
		859B0E0B2A25D69D0025E8D6 /* WidgetJS.js in Resources */ = {isa = PBXBuildFile; fileRef = 859B0E0A2A25D69D0025E8D6 /* WidgetJS.js */; };
		859B0E0D2A25D6F20025E8D6 /* WidgetCSS.css in Resources */ = {isa = PBXBuildFile; fileRef = 859B0E0C2A25D6F20025E8D6 /* WidgetCSS.css */; };
		859E593E2AAA486E00BBAE11 /* Models.swift in Sources */ = {isa = PBXBuildFile; fileRef = 859E593D2AAA486E00BBAE11 /* Models.swift */; };
		859E59402AAA5D1E00BBAE11 /* SupabaseProvider.swift in Sources */ = {isa = PBXBuildFile; fileRef = 859E593F2AAA5D1E00BBAE11 /* SupabaseProvider.swift */; };
		85A0C2FA2A3A0C0E00AE32FA /* DummyThumbnails.swift in Sources */ = {isa = PBXBuildFile; fileRef = 85A0C2F92A3A0C0E00AE32FA /* DummyThumbnails.swift */; };
		85A0C2FC2A3C889600AE32FA /* Sidebar.swift in Sources */ = {isa = PBXBuildFile; fileRef = 85A0C2FB2A3C889500AE32FA /* Sidebar.swift */; };
		85A0C2FE2A58666D00AE32FA /* lines.svg in Resources */ = {isa = PBXBuildFile; fileRef = 85A0C2FD2A58666D00AE32FA /* lines.svg */; };
		85D3D7742ADF4AC00061283F /* Appwrite in Frameworks */ = {isa = PBXBuildFile; productRef = 85D3D7732ADF4AC00061283F /* Appwrite */; };
		85D3D7762ADF682A0061283F /* Appwrite.swift in Sources */ = {isa = PBXBuildFile; fileRef = 85D3D7752ADF68290061283F /* Appwrite.swift */; };
		85ED424D2ABBCAB9000FDE6F /* ProfileView.swift in Sources */ = {isa = PBXBuildFile; fileRef = 85ED424C2ABBCAB9000FDE6F /* ProfileView.swift */; };
		85ED424F2ABF98D9000FDE6F /* Extensions.swift in Sources */ = {isa = PBXBuildFile; fileRef = 85ED424E2ABF98D9000FDE6F /* Extensions.swift */; };
/* End PBXBuildFile section */

/* Begin PBXContainerItemProxy section */
		855481C7296C23DC00D03E79 /* PBXContainerItemProxy */ = {
			isa = PBXContainerItemProxy;
			containerPortal = 855481AD296C23DA00D03E79 /* Project object */;
			proxyType = 1;
			remoteGlobalIDString = 855481B4296C23DA00D03E79;
			remoteInfo = Trimension;
		};
		855481D1296C23DC00D03E79 /* PBXContainerItemProxy */ = {
			isa = PBXContainerItemProxy;
			containerPortal = 855481AD296C23DA00D03E79 /* Project object */;
			proxyType = 1;
			remoteGlobalIDString = 855481B4296C23DA00D03E79;
			remoteInfo = Trimension;
		};
/* End PBXContainerItemProxy section */

/* Begin PBXFileReference section */
		851F1C2F2A9DD3D000F12B61 /* WallpaperListView.swift */ = {isa = PBXFileReference; lastKnownFileType = sourcecode.swift; path = WallpaperListView.swift; sourceTree = "<group>"; };
		851F1C312A9ED5C300F12B61 /* WallpaperDetailView.swift */ = {isa = PBXFileReference; lastKnownFileType = sourcecode.swift; path = WallpaperDetailView.swift; sourceTree = "<group>"; };
		851F1C332AA1412000F12B61 /* LoginView.swift */ = {isa = PBXFileReference; lastKnownFileType = sourcecode.swift; path = LoginView.swift; sourceTree = "<group>"; };
		853A67462971F30700B7B5E7 /* NativeWidgetView.swift */ = {isa = PBXFileReference; lastKnownFileType = sourcecode.swift; path = NativeWidgetView.swift; sourceTree = "<group>"; };
		853A674A29729B3F00B7B5E7 /* WidgetWindow.swift */ = {isa = PBXFileReference; lastKnownFileType = sourcecode.swift; path = WidgetWindow.swift; sourceTree = "<group>"; };
		85409677296FE3AE00B8BA3F /* WallpaperWindow.swift */ = {isa = PBXFileReference; lastKnownFileType = sourcecode.swift; path = WallpaperWindow.swift; sourceTree = "<group>"; };
		85409679296FE76100B8BA3F /* DynamicWallpaperView.swift */ = {isa = PBXFileReference; lastKnownFileType = sourcecode.swift; path = DynamicWallpaperView.swift; sourceTree = "<group>"; };
		854CCC582A192BF400B20579 /* WidgetView.swift */ = {isa = PBXFileReference; lastKnownFileType = sourcecode.swift; path = WidgetView.swift; sourceTree = "<group>"; };
		854CCC5A2A192CCE00B20579 /* WidgetHTML.html */ = {isa = PBXFileReference; lastKnownFileType = text.html; path = WidgetHTML.html; sourceTree = "<group>"; };
		854CCC5C2A193F3C00B20579 /* WidgetViewController.swift */ = {isa = PBXFileReference; lastKnownFileType = sourcecode.swift; path = WidgetViewController.swift; sourceTree = "<group>"; };
		855481B5296C23DA00D03E79 /* Trimension.app */ = {isa = PBXFileReference; explicitFileType = wrapper.application; includeInIndex = 0; path = Trimension.app; sourceTree = BUILT_PRODUCTS_DIR; };
		855481B8296C23DA00D03E79 /* TrimensionApp.swift */ = {isa = PBXFileReference; lastKnownFileType = sourcecode.swift; path = TrimensionApp.swift; sourceTree = "<group>"; };
		855481BA296C23DA00D03E79 /* ContentView.swift */ = {isa = PBXFileReference; lastKnownFileType = sourcecode.swift; path = ContentView.swift; sourceTree = "<group>"; };
		855481BC296C23DC00D03E79 /* Assets.xcassets */ = {isa = PBXFileReference; lastKnownFileType = folder.assetcatalog; path = Assets.xcassets; sourceTree = "<group>"; };
		855481BF296C23DC00D03E79 /* Preview Assets.xcassets */ = {isa = PBXFileReference; lastKnownFileType = folder.assetcatalog; path = "Preview Assets.xcassets"; sourceTree = "<group>"; };
		855481C1296C23DC00D03E79 /* Trimension.entitlements */ = {isa = PBXFileReference; lastKnownFileType = text.plist.entitlements; path = Trimension.entitlements; sourceTree = "<group>"; };
		855481C6296C23DC00D03E79 /* TrimensionTests.xctest */ = {isa = PBXFileReference; explicitFileType = wrapper.cfbundle; includeInIndex = 0; path = TrimensionTests.xctest; sourceTree = BUILT_PRODUCTS_DIR; };
		855481CA296C23DC00D03E79 /* TrimensionTests.swift */ = {isa = PBXFileReference; lastKnownFileType = sourcecode.swift; path = TrimensionTests.swift; sourceTree = "<group>"; };
		855481D0296C23DC00D03E79 /* TrimensionUITests.xctest */ = {isa = PBXFileReference; explicitFileType = wrapper.cfbundle; includeInIndex = 0; path = TrimensionUITests.xctest; sourceTree = BUILT_PRODUCTS_DIR; };
		855481D4296C23DC00D03E79 /* TrimensionUITests.swift */ = {isa = PBXFileReference; lastKnownFileType = sourcecode.swift; path = TrimensionUITests.swift; sourceTree = "<group>"; };
		855481D6296C23DC00D03E79 /* TrimensionUITestsLaunchTests.swift */ = {isa = PBXFileReference; lastKnownFileType = sourcecode.swift; path = TrimensionUITestsLaunchTests.swift; sourceTree = "<group>"; };
		8555A7412976811400195DE6 /* WidgetWindowDelegate.swift */ = {isa = PBXFileReference; lastKnownFileType = sourcecode.swift; path = WidgetWindowDelegate.swift; sourceTree = "<group>"; };
		856435072AD4DD3E00C83EAE /* UploadView.swift */ = {isa = PBXFileReference; lastKnownFileType = sourcecode.swift; path = UploadView.swift; sourceTree = "<group>"; };
		857D16112ACFD68000C423C3 /* WallpaperManager.swift */ = {isa = PBXFileReference; lastKnownFileType = sourcecode.swift; path = WallpaperManager.swift; sourceTree = "<group>"; };
		858BB4E52A2720B7009BEEEA /* AppleMusicWidget.swift */ = {isa = PBXFileReference; lastKnownFileType = sourcecode.swift; path = AppleMusicWidget.swift; sourceTree = "<group>"; };
		859B0E0A2A25D69D0025E8D6 /* WidgetJS.js */ = {isa = PBXFileReference; lastKnownFileType = sourcecode.javascript; path = WidgetJS.js; sourceTree = "<group>"; };
		859B0E0C2A25D6F20025E8D6 /* WidgetCSS.css */ = {isa = PBXFileReference; lastKnownFileType = text.css; path = WidgetCSS.css; sourceTree = "<group>"; };
		859E593D2AAA486E00BBAE11 /* Models.swift */ = {isa = PBXFileReference; lastKnownFileType = sourcecode.swift; path = Models.swift; sourceTree = "<group>"; };
		859E593F2AAA5D1E00BBAE11 /* SupabaseProvider.swift */ = {isa = PBXFileReference; lastKnownFileType = sourcecode.swift; path = SupabaseProvider.swift; sourceTree = "<group>"; };
		85A0C2F92A3A0C0E00AE32FA /* DummyThumbnails.swift */ = {isa = PBXFileReference; lastKnownFileType = sourcecode.swift; path = DummyThumbnails.swift; sourceTree = "<group>"; };
		85A0C2FB2A3C889500AE32FA /* Sidebar.swift */ = {isa = PBXFileReference; lastKnownFileType = sourcecode.swift; path = Sidebar.swift; sourceTree = "<group>"; };
		85A0C2FD2A58666D00AE32FA /* lines.svg */ = {isa = PBXFileReference; fileEncoding = 4; lastKnownFileType = text; path = lines.svg; sourceTree = "<group>"; };
		85D3D7752ADF68290061283F /* Appwrite.swift */ = {isa = PBXFileReference; lastKnownFileType = sourcecode.swift; path = Appwrite.swift; sourceTree = "<group>"; };
		85ED424C2ABBCAB9000FDE6F /* ProfileView.swift */ = {isa = PBXFileReference; lastKnownFileType = sourcecode.swift; path = ProfileView.swift; sourceTree = "<group>"; };
		85ED424E2ABF98D9000FDE6F /* Extensions.swift */ = {isa = PBXFileReference; lastKnownFileType = sourcecode.swift; path = Extensions.swift; sourceTree = "<group>"; };
/* End PBXFileReference section */

/* Begin PBXFrameworksBuildPhase section */
		855481B2296C23DA00D03E79 /* Frameworks */ = {
			isa = PBXFrameworksBuildPhase;
			buildActionMask = 2147483647;
			files = (
				85D3D7742ADF4AC00061283F /* Appwrite in Frameworks */,
				856E2E4A2A9C63F90083C589 /* Supabase in Frameworks */,
			);
			runOnlyForDeploymentPostprocessing = 0;
		};
		855481C3296C23DC00D03E79 /* Frameworks */ = {
			isa = PBXFrameworksBuildPhase;
			buildActionMask = 2147483647;
			files = (
			);
			runOnlyForDeploymentPostprocessing = 0;
		};
		855481CD296C23DC00D03E79 /* Frameworks */ = {
			isa = PBXFrameworksBuildPhase;
			buildActionMask = 2147483647;
			files = (
			);
			runOnlyForDeploymentPostprocessing = 0;
		};
/* End PBXFrameworksBuildPhase section */

/* Begin PBXGroup section */
		851F1C2E2A9DD3B100F12B61 /* Views */ = {
			isa = PBXGroup;
			children = (
				85A0C2FB2A3C889500AE32FA /* Sidebar.swift */,
				855481BA296C23DA00D03E79 /* ContentView.swift */,
				851F1C2F2A9DD3D000F12B61 /* WallpaperListView.swift */,
				851F1C312A9ED5C300F12B61 /* WallpaperDetailView.swift */,
				851F1C332AA1412000F12B61 /* LoginView.swift */,
				85ED424C2ABBCAB9000FDE6F /* ProfileView.swift */,
				856435072AD4DD3E00C83EAE /* UploadView.swift */,
			);
			path = Views;
			sourceTree = "<group>";
		};
		855481AC296C23DA00D03E79 = {
			isa = PBXGroup;
			children = (
				855481B7296C23DA00D03E79 /* Trimension */,
				855481C9296C23DC00D03E79 /* TrimensionTests */,
				855481D3296C23DC00D03E79 /* TrimensionUITests */,
				855481B6296C23DA00D03E79 /* Products */,
			);
			sourceTree = "<group>";
		};
		855481B6296C23DA00D03E79 /* Products */ = {
			isa = PBXGroup;
			children = (
				855481B5296C23DA00D03E79 /* Trimension.app */,
				855481C6296C23DC00D03E79 /* TrimensionTests.xctest */,
				855481D0296C23DC00D03E79 /* TrimensionUITests.xctest */,
			);
			name = Products;
			sourceTree = "<group>";
		};
		855481B7296C23DA00D03E79 /* Trimension */ = {
			isa = PBXGroup;
			children = (
				85D3D7752ADF68290061283F /* Appwrite.swift */,
				851F1C2E2A9DD3B100F12B61 /* Views */,
				855481B8296C23DA00D03E79 /* TrimensionApp.swift */,
				855481BC296C23DC00D03E79 /* Assets.xcassets */,
				855481C1296C23DC00D03E79 /* Trimension.entitlements */,
				855481BE296C23DC00D03E79 /* Preview Content */,
				85409677296FE3AE00B8BA3F /* WallpaperWindow.swift */,
				85409679296FE76100B8BA3F /* DynamicWallpaperView.swift */,
				857D16112ACFD68000C423C3 /* WallpaperManager.swift */,
				853A67462971F30700B7B5E7 /* NativeWidgetView.swift */,
				853A674A29729B3F00B7B5E7 /* WidgetWindow.swift */,
				8555A7412976811400195DE6 /* WidgetWindowDelegate.swift */,
				854CCC582A192BF400B20579 /* WidgetView.swift */,
				854CCC5A2A192CCE00B20579 /* WidgetHTML.html */,
				854CCC5C2A193F3C00B20579 /* WidgetViewController.swift */,
				859B0E0A2A25D69D0025E8D6 /* WidgetJS.js */,
				859B0E0C2A25D6F20025E8D6 /* WidgetCSS.css */,
				85A0C2FD2A58666D00AE32FA /* lines.svg */,
				858BB4E52A2720B7009BEEEA /* AppleMusicWidget.swift */,
				85A0C2F92A3A0C0E00AE32FA /* DummyThumbnails.swift */,
				859E593D2AAA486E00BBAE11 /* Models.swift */,
				859E593F2AAA5D1E00BBAE11 /* SupabaseProvider.swift */,
				85ED424E2ABF98D9000FDE6F /* Extensions.swift */,
			);
			path = Trimension;
			sourceTree = "<group>";
		};
		855481BE296C23DC00D03E79 /* Preview Content */ = {
			isa = PBXGroup;
			children = (
				855481BF296C23DC00D03E79 /* Preview Assets.xcassets */,
			);
			path = "Preview Content";
			sourceTree = "<group>";
		};
		855481C9296C23DC00D03E79 /* TrimensionTests */ = {
			isa = PBXGroup;
			children = (
				855481CA296C23DC00D03E79 /* TrimensionTests.swift */,
			);
			path = TrimensionTests;
			sourceTree = "<group>";
		};
		855481D3296C23DC00D03E79 /* TrimensionUITests */ = {
			isa = PBXGroup;
			children = (
				855481D4296C23DC00D03E79 /* TrimensionUITests.swift */,
				855481D6296C23DC00D03E79 /* TrimensionUITestsLaunchTests.swift */,
			);
			path = TrimensionUITests;
			sourceTree = "<group>";
		};
/* End PBXGroup section */

/* Begin PBXNativeTarget section */
		855481B4296C23DA00D03E79 /* Trimension */ = {
			isa = PBXNativeTarget;
			buildConfigurationList = 855481DA296C23DC00D03E79 /* Build configuration list for PBXNativeTarget "Trimension" */;
			buildPhases = (
				855481B1296C23DA00D03E79 /* Sources */,
				855481B2296C23DA00D03E79 /* Frameworks */,
				855481B3296C23DA00D03E79 /* Resources */,
			);
			buildRules = (
			);
			dependencies = (
			);
			name = Trimension;
			packageProductDependencies = (
				856E2E492A9C63F90083C589 /* Supabase */,
				85D3D7732ADF4AC00061283F /* Appwrite */,
			);
			productName = Trimension;
			productReference = 855481B5296C23DA00D03E79 /* Trimension.app */;
			productType = "com.apple.product-type.application";
		};
		855481C5296C23DC00D03E79 /* TrimensionTests */ = {
			isa = PBXNativeTarget;
			buildConfigurationList = 855481DD296C23DC00D03E79 /* Build configuration list for PBXNativeTarget "TrimensionTests" */;
			buildPhases = (
				855481C2296C23DC00D03E79 /* Sources */,
				855481C3296C23DC00D03E79 /* Frameworks */,
				855481C4296C23DC00D03E79 /* Resources */,
			);
			buildRules = (
			);
			dependencies = (
				855481C8296C23DC00D03E79 /* PBXTargetDependency */,
			);
			name = TrimensionTests;
			productName = TrimensionTests;
			productReference = 855481C6296C23DC00D03E79 /* TrimensionTests.xctest */;
			productType = "com.apple.product-type.bundle.unit-test";
		};
		855481CF296C23DC00D03E79 /* TrimensionUITests */ = {
			isa = PBXNativeTarget;
			buildConfigurationList = 855481E0296C23DC00D03E79 /* Build configuration list for PBXNativeTarget "TrimensionUITests" */;
			buildPhases = (
				855481CC296C23DC00D03E79 /* Sources */,
				855481CD296C23DC00D03E79 /* Frameworks */,
				855481CE296C23DC00D03E79 /* Resources */,
			);
			buildRules = (
			);
			dependencies = (
				855481D2296C23DC00D03E79 /* PBXTargetDependency */,
			);
			name = TrimensionUITests;
			productName = TrimensionUITests;
			productReference = 855481D0296C23DC00D03E79 /* TrimensionUITests.xctest */;
			productType = "com.apple.product-type.bundle.ui-testing";
		};
/* End PBXNativeTarget section */

/* Begin PBXProject section */
		855481AD296C23DA00D03E79 /* Project object */ = {
			isa = PBXProject;
			attributes = {
				BuildIndependentTargetsInParallel = 1;
				LastSwiftUpdateCheck = 1420;
				LastUpgradeCheck = 1420;
				TargetAttributes = {
					855481B4296C23DA00D03E79 = {
						CreatedOnToolsVersion = 14.2;
					};
					855481C5296C23DC00D03E79 = {
						CreatedOnToolsVersion = 14.2;
						TestTargetID = 855481B4296C23DA00D03E79;
					};
					855481CF296C23DC00D03E79 = {
						CreatedOnToolsVersion = 14.2;
						TestTargetID = 855481B4296C23DA00D03E79;
					};
				};
			};
			buildConfigurationList = 855481B0296C23DA00D03E79 /* Build configuration list for PBXProject "Trimension" */;
			compatibilityVersion = "Xcode 14.0";
			developmentRegion = en;
			hasScannedForEncodings = 0;
			knownRegions = (
				en,
				Base,
			);
			mainGroup = 855481AC296C23DA00D03E79;
			packageReferences = (
				856E2E482A9C63F90083C589 /* XCRemoteSwiftPackageReference "supabase-swift" */,
				85D3D7722ADF4AC00061283F /* XCRemoteSwiftPackageReference "sdk-for-apple" */,
			);
			productRefGroup = 855481B6296C23DA00D03E79 /* Products */;
			projectDirPath = "";
			projectRoot = "";
			targets = (
				855481B4296C23DA00D03E79 /* Trimension */,
				855481C5296C23DC00D03E79 /* TrimensionTests */,
				855481CF296C23DC00D03E79 /* TrimensionUITests */,
			);
		};
/* End PBXProject section */

/* Begin PBXResourcesBuildPhase section */
		855481B3296C23DA00D03E79 /* Resources */ = {
			isa = PBXResourcesBuildPhase;
			buildActionMask = 2147483647;
			files = (
				859B0E0B2A25D69D0025E8D6 /* WidgetJS.js in Resources */,
				85A0C2FE2A58666D00AE32FA /* lines.svg in Resources */,
				859B0E0D2A25D6F20025E8D6 /* WidgetCSS.css in Resources */,
				855481C0296C23DC00D03E79 /* Preview Assets.xcassets in Resources */,
				851F1C352AA2A70B00F12B61 /* Assets.xcassets in Resources */,
				854CCC5B2A192CCE00B20579 /* WidgetHTML.html in Resources */,
			);
			runOnlyForDeploymentPostprocessing = 0;
		};
		855481C4296C23DC00D03E79 /* Resources */ = {
			isa = PBXResourcesBuildPhase;
			buildActionMask = 2147483647;
			files = (
			);
			runOnlyForDeploymentPostprocessing = 0;
		};
		855481CE296C23DC00D03E79 /* Resources */ = {
			isa = PBXResourcesBuildPhase;
			buildActionMask = 2147483647;
			files = (
			);
			runOnlyForDeploymentPostprocessing = 0;
		};
/* End PBXResourcesBuildPhase section */

/* Begin PBXSourcesBuildPhase section */
		855481B1296C23DA00D03E79 /* Sources */ = {
			isa = PBXSourcesBuildPhase;
			buildActionMask = 2147483647;
			files = (
				858BB4E62A2720B7009BEEEA /* AppleMusicWidget.swift in Sources */,
				855481BB296C23DA00D03E79 /* ContentView.swift in Sources */,
				859E59402AAA5D1E00BBAE11 /* SupabaseProvider.swift in Sources */,
				853A674B29729B3F00B7B5E7 /* WidgetWindow.swift in Sources */,
				857D16122ACFD68000C423C3 /* WallpaperManager.swift in Sources */,
				851F1C342AA1412000F12B61 /* LoginView.swift in Sources */,
				853A67472971F30700B7B5E7 /* NativeWidgetView.swift in Sources */,
				8555A7422976811400195DE6 /* WidgetWindowDelegate.swift in Sources */,
				85ED424F2ABF98D9000FDE6F /* Extensions.swift in Sources */,
				8540967A296FE76100B8BA3F /* DynamicWallpaperView.swift in Sources */,
				85409678296FE3AE00B8BA3F /* WallpaperWindow.swift in Sources */,
				85D3D7762ADF682A0061283F /* Appwrite.swift in Sources */,
				854CCC592A192BF400B20579 /* WidgetView.swift in Sources */,
				85ED424D2ABBCAB9000FDE6F /* ProfileView.swift in Sources */,
				851F1C322A9ED5C300F12B61 /* WallpaperDetailView.swift in Sources */,
				854CCC5D2A193F3C00B20579 /* WidgetViewController.swift in Sources */,
				859E593E2AAA486E00BBAE11 /* Models.swift in Sources */,
				85A0C2FA2A3A0C0E00AE32FA /* DummyThumbnails.swift in Sources */,
				851F1C302A9DD3D000F12B61 /* WallpaperListView.swift in Sources */,
				856435082AD4DD3E00C83EAE /* UploadView.swift in Sources */,
				85A0C2FC2A3C889600AE32FA /* Sidebar.swift in Sources */,
				855481B9296C23DA00D03E79 /* TrimensionApp.swift in Sources */,
			);
			runOnlyForDeploymentPostprocessing = 0;
		};
		855481C2296C23DC00D03E79 /* Sources */ = {
			isa = PBXSourcesBuildPhase;
			buildActionMask = 2147483647;
			files = (
				855481CB296C23DC00D03E79 /* TrimensionTests.swift in Sources */,
			);
			runOnlyForDeploymentPostprocessing = 0;
		};
		855481CC296C23DC00D03E79 /* Sources */ = {
			isa = PBXSourcesBuildPhase;
			buildActionMask = 2147483647;
			files = (
				855481D7296C23DC00D03E79 /* TrimensionUITestsLaunchTests.swift in Sources */,
				855481D5296C23DC00D03E79 /* TrimensionUITests.swift in Sources */,
			);
			runOnlyForDeploymentPostprocessing = 0;
		};
/* End PBXSourcesBuildPhase section */

/* Begin PBXTargetDependency section */
		855481C8296C23DC00D03E79 /* PBXTargetDependency */ = {
			isa = PBXTargetDependency;
			target = 855481B4296C23DA00D03E79 /* Trimension */;
			targetProxy = 855481C7296C23DC00D03E79 /* PBXContainerItemProxy */;
		};
		855481D2296C23DC00D03E79 /* PBXTargetDependency */ = {
			isa = PBXTargetDependency;
			target = 855481B4296C23DA00D03E79 /* Trimension */;
			targetProxy = 855481D1296C23DC00D03E79 /* PBXContainerItemProxy */;
		};
/* End PBXTargetDependency section */

/* Begin XCBuildConfiguration section */
		855481D8296C23DC00D03E79 /* Debug */ = {
			isa = XCBuildConfiguration;
			buildSettings = {
				ALWAYS_SEARCH_USER_PATHS = NO;
				CLANG_ANALYZER_NONNULL = YES;
				CLANG_ANALYZER_NUMBER_OBJECT_CONVERSION = YES_AGGRESSIVE;
				CLANG_CXX_LANGUAGE_STANDARD = "gnu++20";
				CLANG_ENABLE_MODULES = YES;
				CLANG_ENABLE_OBJC_ARC = YES;
				CLANG_ENABLE_OBJC_WEAK = YES;
				CLANG_WARN_BLOCK_CAPTURE_AUTORELEASING = YES;
				CLANG_WARN_BOOL_CONVERSION = YES;
				CLANG_WARN_COMMA = YES;
				CLANG_WARN_CONSTANT_CONVERSION = YES;
				CLANG_WARN_DEPRECATED_OBJC_IMPLEMENTATIONS = YES;
				CLANG_WARN_DIRECT_OBJC_ISA_USAGE = YES_ERROR;
				CLANG_WARN_DOCUMENTATION_COMMENTS = YES;
				CLANG_WARN_EMPTY_BODY = YES;
				CLANG_WARN_ENUM_CONVERSION = YES;
				CLANG_WARN_INFINITE_RECURSION = YES;
				CLANG_WARN_INT_CONVERSION = YES;
				CLANG_WARN_NON_LITERAL_NULL_CONVERSION = YES;
				CLANG_WARN_OBJC_IMPLICIT_RETAIN_SELF = YES;
				CLANG_WARN_OBJC_LITERAL_CONVERSION = YES;
				CLANG_WARN_OBJC_ROOT_CLASS = YES_ERROR;
				CLANG_WARN_QUOTED_INCLUDE_IN_FRAMEWORK_HEADER = YES;
				CLANG_WARN_RANGE_LOOP_ANALYSIS = YES;
				CLANG_WARN_STRICT_PROTOTYPES = YES;
				CLANG_WARN_SUSPICIOUS_MOVE = YES;
				CLANG_WARN_UNGUARDED_AVAILABILITY = YES_AGGRESSIVE;
				CLANG_WARN_UNREACHABLE_CODE = YES;
				CLANG_WARN__DUPLICATE_METHOD_MATCH = YES;
				COPY_PHASE_STRIP = NO;
				DEBUG_INFORMATION_FORMAT = dwarf;
				ENABLE_STRICT_OBJC_MSGSEND = YES;
				ENABLE_TESTABILITY = YES;
				GCC_C_LANGUAGE_STANDARD = gnu11;
				GCC_DYNAMIC_NO_PIC = NO;
				GCC_NO_COMMON_BLOCKS = YES;
				GCC_OPTIMIZATION_LEVEL = 0;
				GCC_PREPROCESSOR_DEFINITIONS = (
					"DEBUG=1",
					"$(inherited)",
				);
				GCC_WARN_64_TO_32_BIT_CONVERSION = YES;
				GCC_WARN_ABOUT_RETURN_TYPE = YES_ERROR;
				GCC_WARN_UNDECLARED_SELECTOR = YES;
				GCC_WARN_UNINITIALIZED_AUTOS = YES_AGGRESSIVE;
				GCC_WARN_UNUSED_FUNCTION = YES;
				GCC_WARN_UNUSED_VARIABLE = YES;
				MACOSX_DEPLOYMENT_TARGET = 13.1;
				MTL_ENABLE_DEBUG_INFO = INCLUDE_SOURCE;
				MTL_FAST_MATH = YES;
				ONLY_ACTIVE_ARCH = YES;
				SDKROOT = macosx;
				SWIFT_ACTIVE_COMPILATION_CONDITIONS = DEBUG;
				SWIFT_OPTIMIZATION_LEVEL = "-Onone";
			};
			name = Debug;
		};
		855481D9296C23DC00D03E79 /* Release */ = {
			isa = XCBuildConfiguration;
			buildSettings = {
				ALWAYS_SEARCH_USER_PATHS = NO;
				CLANG_ANALYZER_NONNULL = YES;
				CLANG_ANALYZER_NUMBER_OBJECT_CONVERSION = YES_AGGRESSIVE;
				CLANG_CXX_LANGUAGE_STANDARD = "gnu++20";
				CLANG_ENABLE_MODULES = YES;
				CLANG_ENABLE_OBJC_ARC = YES;
				CLANG_ENABLE_OBJC_WEAK = YES;
				CLANG_WARN_BLOCK_CAPTURE_AUTORELEASING = YES;
				CLANG_WARN_BOOL_CONVERSION = YES;
				CLANG_WARN_COMMA = YES;
				CLANG_WARN_CONSTANT_CONVERSION = YES;
				CLANG_WARN_DEPRECATED_OBJC_IMPLEMENTATIONS = YES;
				CLANG_WARN_DIRECT_OBJC_ISA_USAGE = YES_ERROR;
				CLANG_WARN_DOCUMENTATION_COMMENTS = YES;
				CLANG_WARN_EMPTY_BODY = YES;
				CLANG_WARN_ENUM_CONVERSION = YES;
				CLANG_WARN_INFINITE_RECURSION = YES;
				CLANG_WARN_INT_CONVERSION = YES;
				CLANG_WARN_NON_LITERAL_NULL_CONVERSION = YES;
				CLANG_WARN_OBJC_IMPLICIT_RETAIN_SELF = YES;
				CLANG_WARN_OBJC_LITERAL_CONVERSION = YES;
				CLANG_WARN_OBJC_ROOT_CLASS = YES_ERROR;
				CLANG_WARN_QUOTED_INCLUDE_IN_FRAMEWORK_HEADER = YES;
				CLANG_WARN_RANGE_LOOP_ANALYSIS = YES;
				CLANG_WARN_STRICT_PROTOTYPES = YES;
				CLANG_WARN_SUSPICIOUS_MOVE = YES;
				CLANG_WARN_UNGUARDED_AVAILABILITY = YES_AGGRESSIVE;
				CLANG_WARN_UNREACHABLE_CODE = YES;
				CLANG_WARN__DUPLICATE_METHOD_MATCH = YES;
				COPY_PHASE_STRIP = NO;
				DEBUG_INFORMATION_FORMAT = "dwarf-with-dsym";
				ENABLE_NS_ASSERTIONS = NO;
				ENABLE_STRICT_OBJC_MSGSEND = YES;
				GCC_C_LANGUAGE_STANDARD = gnu11;
				GCC_NO_COMMON_BLOCKS = YES;
				GCC_WARN_64_TO_32_BIT_CONVERSION = YES;
				GCC_WARN_ABOUT_RETURN_TYPE = YES_ERROR;
				GCC_WARN_UNDECLARED_SELECTOR = YES;
				GCC_WARN_UNINITIALIZED_AUTOS = YES_AGGRESSIVE;
				GCC_WARN_UNUSED_FUNCTION = YES;
				GCC_WARN_UNUSED_VARIABLE = YES;
				MACOSX_DEPLOYMENT_TARGET = 13.1;
				MTL_ENABLE_DEBUG_INFO = NO;
				MTL_FAST_MATH = YES;
				SDKROOT = macosx;
				SWIFT_COMPILATION_MODE = wholemodule;
				SWIFT_OPTIMIZATION_LEVEL = "-O";
			};
			name = Release;
		};
		855481DB296C23DC00D03E79 /* Debug */ = {
			isa = XCBuildConfiguration;
			buildSettings = {
				ASSETCATALOG_COMPILER_APPICON_NAME = AppIcon;
				ASSETCATALOG_COMPILER_GLOBAL_ACCENT_COLOR_NAME = AccentColor;
				CODE_SIGN_ENTITLEMENTS = Trimension/Trimension.entitlements;
				CODE_SIGN_STYLE = Automatic;
				COMBINE_HIDPI_IMAGES = YES;
				CURRENT_PROJECT_VERSION = 1;
				DEVELOPMENT_ASSET_PATHS = "\"Trimension/Preview Content\"";
				DEVELOPMENT_TEAM = 974XCSH6VY;
				ENABLE_HARDENED_RUNTIME = YES;
				ENABLE_PREVIEWS = YES;
				GENERATE_INFOPLIST_FILE = YES;
				INFOPLIST_KEY_NSHumanReadableCopyright = "";
				LD_RUNPATH_SEARCH_PATHS = (
					"$(inherited)",
					"@executable_path/../Frameworks",
				);
				MACOSX_DEPLOYMENT_TARGET = 14.0;
				MARKETING_VERSION = 1.0;
				PRODUCT_BUNDLE_IDENTIFIER = app.trimension.Trimension;
				PRODUCT_NAME = "$(TARGET_NAME)";
				SWIFT_EMIT_LOC_STRINGS = YES;
				SWIFT_VERSION = 5.0;
			};
			name = Debug;
		};
		855481DC296C23DC00D03E79 /* Release */ = {
			isa = XCBuildConfiguration;
			buildSettings = {
				ASSETCATALOG_COMPILER_APPICON_NAME = AppIcon;
				ASSETCATALOG_COMPILER_GLOBAL_ACCENT_COLOR_NAME = AccentColor;
				CODE_SIGN_ENTITLEMENTS = Trimension/Trimension.entitlements;
				CODE_SIGN_STYLE = Automatic;
				COMBINE_HIDPI_IMAGES = YES;
				CURRENT_PROJECT_VERSION = 1;
				DEVELOPMENT_ASSET_PATHS = "\"Trimension/Preview Content\"";
				DEVELOPMENT_TEAM = 974XCSH6VY;
				ENABLE_HARDENED_RUNTIME = YES;
				ENABLE_PREVIEWS = YES;
				GENERATE_INFOPLIST_FILE = YES;
				INFOPLIST_KEY_NSHumanReadableCopyright = "";
				LD_RUNPATH_SEARCH_PATHS = (
					"$(inherited)",
					"@executable_path/../Frameworks",
				);
				MACOSX_DEPLOYMENT_TARGET = 14.0;
				MARKETING_VERSION = 1.0;
				PRODUCT_BUNDLE_IDENTIFIER = app.trimension.Trimension;
				PRODUCT_NAME = "$(TARGET_NAME)";
				SWIFT_EMIT_LOC_STRINGS = YES;
				SWIFT_VERSION = 5.0;
			};
			name = Release;
		};
		855481DE296C23DC00D03E79 /* Debug */ = {
			isa = XCBuildConfiguration;
			buildSettings = {
				ALWAYS_EMBED_SWIFT_STANDARD_LIBRARIES = YES;
				BUNDLE_LOADER = "$(TEST_HOST)";
				CODE_SIGN_STYLE = Automatic;
				CURRENT_PROJECT_VERSION = 1;
				GENERATE_INFOPLIST_FILE = YES;
				MACOSX_DEPLOYMENT_TARGET = 13.1;
				MARKETING_VERSION = 1.0;
				PRODUCT_BUNDLE_IDENTIFIER = app.trimension.TrimensionTests;
				PRODUCT_NAME = "$(TARGET_NAME)";
				SWIFT_EMIT_LOC_STRINGS = NO;
				SWIFT_VERSION = 5.0;
				TEST_HOST = "$(BUILT_PRODUCTS_DIR)/Trimension.app/$(BUNDLE_EXECUTABLE_FOLDER_PATH)/Trimension";
			};
			name = Debug;
		};
		855481DF296C23DC00D03E79 /* Release */ = {
			isa = XCBuildConfiguration;
			buildSettings = {
				ALWAYS_EMBED_SWIFT_STANDARD_LIBRARIES = YES;
				BUNDLE_LOADER = "$(TEST_HOST)";
				CODE_SIGN_STYLE = Automatic;
				CURRENT_PROJECT_VERSION = 1;
				GENERATE_INFOPLIST_FILE = YES;
				MACOSX_DEPLOYMENT_TARGET = 13.1;
				MARKETING_VERSION = 1.0;
				PRODUCT_BUNDLE_IDENTIFIER = app.trimension.TrimensionTests;
				PRODUCT_NAME = "$(TARGET_NAME)";
				SWIFT_EMIT_LOC_STRINGS = NO;
				SWIFT_VERSION = 5.0;
				TEST_HOST = "$(BUILT_PRODUCTS_DIR)/Trimension.app/$(BUNDLE_EXECUTABLE_FOLDER_PATH)/Trimension";
			};
			name = Release;
		};
		855481E1296C23DC00D03E79 /* Debug */ = {
			isa = XCBuildConfiguration;
			buildSettings = {
				ALWAYS_EMBED_SWIFT_STANDARD_LIBRARIES = YES;
				CODE_SIGN_STYLE = Automatic;
				CURRENT_PROJECT_VERSION = 1;
				GENERATE_INFOPLIST_FILE = YES;
				MARKETING_VERSION = 1.0;
				PRODUCT_BUNDLE_IDENTIFIER = app.trimension.TrimensionUITests;
				PRODUCT_NAME = "$(TARGET_NAME)";
				SWIFT_EMIT_LOC_STRINGS = NO;
				SWIFT_VERSION = 5.0;
				TEST_TARGET_NAME = Trimension;
			};
			name = Debug;
		};
		855481E2296C23DC00D03E79 /* Release */ = {
			isa = XCBuildConfiguration;
			buildSettings = {
				ALWAYS_EMBED_SWIFT_STANDARD_LIBRARIES = YES;
				CODE_SIGN_STYLE = Automatic;
				CURRENT_PROJECT_VERSION = 1;
				GENERATE_INFOPLIST_FILE = YES;
				MARKETING_VERSION = 1.0;
				PRODUCT_BUNDLE_IDENTIFIER = app.trimension.TrimensionUITests;
				PRODUCT_NAME = "$(TARGET_NAME)";
				SWIFT_EMIT_LOC_STRINGS = NO;
				SWIFT_VERSION = 5.0;
				TEST_TARGET_NAME = Trimension;
			};
			name = Release;
		};
/* End XCBuildConfiguration section */

/* Begin XCConfigurationList section */
		855481B0296C23DA00D03E79 /* Build configuration list for PBXProject "Trimension" */ = {
			isa = XCConfigurationList;
			buildConfigurations = (
				855481D8296C23DC00D03E79 /* Debug */,
				855481D9296C23DC00D03E79 /* Release */,
			);
			defaultConfigurationIsVisible = 0;
			defaultConfigurationName = Release;
		};
		855481DA296C23DC00D03E79 /* Build configuration list for PBXNativeTarget "Trimension" */ = {
			isa = XCConfigurationList;
			buildConfigurations = (
				855481DB296C23DC00D03E79 /* Debug */,
				855481DC296C23DC00D03E79 /* Release */,
			);
			defaultConfigurationIsVisible = 0;
			defaultConfigurationName = Release;
		};
		855481DD296C23DC00D03E79 /* Build configuration list for PBXNativeTarget "TrimensionTests" */ = {
			isa = XCConfigurationList;
			buildConfigurations = (
				855481DE296C23DC00D03E79 /* Debug */,
				855481DF296C23DC00D03E79 /* Release */,
			);
			defaultConfigurationIsVisible = 0;
			defaultConfigurationName = Release;
		};
		855481E0296C23DC00D03E79 /* Build configuration list for PBXNativeTarget "TrimensionUITests" */ = {
			isa = XCConfigurationList;
			buildConfigurations = (
				855481E1296C23DC00D03E79 /* Debug */,
				855481E2296C23DC00D03E79 /* Release */,
			);
			defaultConfigurationIsVisible = 0;
			defaultConfigurationName = Release;
		};
/* End XCConfigurationList section */

/* Begin XCRemoteSwiftPackageReference section */
		856E2E482A9C63F90083C589 /* XCRemoteSwiftPackageReference "supabase-swift" */ = {
			isa = XCRemoteSwiftPackageReference;
			repositoryURL = "https://github.com/supabase/supabase-swift.git";
			requirement = {
				kind = upToNextMajorVersion;
				minimumVersion = 0.3.0;
			};
		};
		85D3D7722ADF4AC00061283F /* XCRemoteSwiftPackageReference "sdk-for-apple" */ = {
			isa = XCRemoteSwiftPackageReference;
			repositoryURL = "https://github.com/appwrite/sdk-for-apple";
			requirement = {
				kind = upToNextMajorVersion;
				minimumVersion = 4.0.1;
			};
		};
/* End XCRemoteSwiftPackageReference section */

/* Begin XCSwiftPackageProductDependency section */
		856E2E492A9C63F90083C589 /* Supabase */ = {
			isa = XCSwiftPackageProductDependency;
			package = 856E2E482A9C63F90083C589 /* XCRemoteSwiftPackageReference "supabase-swift" */;
			productName = Supabase;
		};
		85D3D7732ADF4AC00061283F /* Appwrite */ = {
			isa = XCSwiftPackageProductDependency;
			package = 85D3D7722ADF4AC00061283F /* XCRemoteSwiftPackageReference "sdk-for-apple" */;
			productName = Appwrite;
		};
/* End XCSwiftPackageProductDependency section */
	};
	rootObject = 855481AD296C23DA00D03E79 /* Project object */;
}
